<?xml version="1.0" encoding="utf-8"?>
<Project ToolsVersion="4.0" xmlns="http://schemas.microsoft.com/developer/msbuild/2003">
  <ItemGroup>
    <Filter Include="Quelldateien">
      <UniqueIdentifier>{4FC737F1-C7A5-4376-A066-2A32D752A2FF}</UniqueIdentifier>
      <Extensions>cpp;c;cc;cxx;def;odl;idl;hpj;bat;asm;asmx</Extensions>
    </Filter>
    <Filter Include="Headerdateien">
      <UniqueIdentifier>{93995380-89BD-4b04-88EB-625FBE52EBFB}</UniqueIdentifier>
      <Extensions>h;hh;hpp;hxx;hm;inl;inc;xsd</Extensions>
    </Filter>
    <Filter Include="Ressourcendateien">
      <UniqueIdentifier>{67DA6AB6-F800-4c08-8B7A-83BB121AAD01}</UniqueIdentifier>
      <Extensions>rc;ico;cur;bmp;dlg;rc2;rct;bin;rgs;gif;jpg;jpeg;jpe;resx;tiff;tif;png;wav;mfcribbon-ms</Extensions>
    </Filter>
  </ItemGroup>
  <ItemGroup>
    <Text Include="ReadMe.txt" />
  </ItemGroup>
  <ItemGroup>
    <ClCompile Include="SignalProcessing.cpp">
      <Filter>Quelldateien</Filter>
    </ClCompile>
    <ClCompile Include="src\filter\amplitude_modulator.cpp">
      <Filter>Quelldateien</Filter>
    </ClCompile>
    <ClCompile Include="src\filter\differentiator.cpp">
      <Filter>Quelldateien</Filter>
    </ClCompile>
    <ClCompile Include="src\filter\filter.cpp">
      <Filter>Quelldateien</Filter>
    </ClCompile>
    <ClCompile Include="src\filter\fir_no_simd_impl.cpp">
      <Filter>Quelldateien</Filter>
    </ClCompile>
    <ClCompile Include="src\filter\fir_simd_impl.cpp">
      <Filter>Quelldateien</Filter>
    </ClCompile>
    <ClCompile Include="src\filter\frequency_generator.cpp">
      <Filter>Quelldateien</Filter>
    </ClCompile>
    <ClCompile Include="src\filter\frequency_modulator.cpp">
      <Filter>Quelldateien</Filter>
    </ClCompile>
    <ClCompile Include="src\filter\frequency_shift.cpp">
      <Filter>Quelldateien</Filter>
    </ClCompile>
    <ClCompile Include="src\filter\riff_wave_input.cpp">
      <Filter>Quelldateien</Filter>
    </ClCompile>
    <ClCompile Include="src\filter\riff_wave_output.cpp">
      <Filter>Quelldateien</Filter>
    </ClCompile>
    <ClCompile Include="src\filter\vector_input.cpp">
      <Filter>Quelldateien</Filter>
    </ClCompile>
    <ClCompile Include="src\filter\vector_output.cpp">
      <Filter>Quelldateien</Filter>
    </ClCompile>
    <ClCompile Include="src\io\riff_wave.cpp">
      <Filter>Quelldateien</Filter>
    </ClCompile>
    <ClCompile Include="src\test\test.cpp">
      <Filter>Quelldateien</Filter>
    </ClCompile>
  </ItemGroup>
  <ItemGroup>
    <ClInclude Include="include\filter\amplitude_modulator.h">
      <Filter>Headerdateien</Filter>
    </ClInclude>
    <ClInclude Include="include\filter\differentiator.h">
      <Filter>Headerdateien</Filter>
    </ClInclude>
    <ClInclude Include="include\filter\filter.h">
      <Filter>Headerdateien</Filter>
    </ClInclude>
    <ClInclude Include="include\filter\fir.h">
      <Filter>Headerdateien</Filter>
    </ClInclude>
    <ClInclude Include="include\filter\fir_no_simd_impl.h">
      <Filter>Headerdateien</Filter>
    </ClInclude>
    <ClInclude Include="include\filter\fir_simd_impl.h">
      <Filter>Headerdateien</Filter>
    </ClInclude>
    <ClInclude Include="include\filter\frequency_generator.h">
      <Filter>Headerdateien</Filter>
    </ClInclude>
    <ClInclude Include="include\filter\frequency_modulator.h">
      <Filter>Headerdateien</Filter>
    </ClInclude>
    <ClInclude Include="include\filter\frequency_shift.h">
      <Filter>Headerdateien</Filter>
    </ClInclude>
    <ClInclude Include="include\filter\low_pass.h">
      <Filter>Headerdateien</Filter>
    </ClInclude>
    <ClInclude Include="include\filter\riff_wave_input.h">
      <Filter>Headerdateien</Filter>
    </ClInclude>
    <ClInclude Include="include\filter\riff_wave_output.h">
      <Filter>Headerdateien</Filter>
    </ClInclude>
    <ClInclude Include="include\filter\vector_input.h">
      <Filter>Headerdateien</Filter>
    </ClInclude>
    <ClInclude Include="include\filter\vector_output.h">
      <Filter>Headerdateien</Filter>
    </ClInclude>
    <ClInclude Include="include\filter\window_functions.h">
      <Filter>Headerdateien</Filter>
    </ClInclude>
    <ClInclude Include="include\io\riff_wave.h">
      <Filter>Headerdateien</Filter>
    </ClInclude>
    <ClInclude Include="include\test\test.h">
      <Filter>Headerdateien</Filter>
    </ClInclude>
    <ClInclude Include="include\test\test_amplitude_modulator.h">
      <Filter>Headerdateien</Filter>
    </ClInclude>
    <ClInclude Include="include\test\test_fir.h">
      <Filter>Headerdateien</Filter>
    </ClInclude>
    <ClInclude Include="include\test\test_frequency_generator.h">
      <Filter>Headerdateien</Filter>
    </ClInclude>
    <ClInclude Include="include\test\test_frequency_modulator.h">
      <Filter>Headerdateien</Filter>
    </ClInclude>
    <ClInclude Include="include\test\test_frequency_shift.h">
      <Filter>Headerdateien</Filter>
    </ClInclude>
    <ClInclude Include="include\test\test_vector_io.h">
      <Filter>Headerdateien</Filter>
    </ClInclude>
    <ClInclude Include="include\config.h">
      <Filter>Headerdateien</Filter>
    </ClInclude>
    <ClInclude Include="include\filters.h">
      <Filter>Headerdateien</Filter>
    </ClInclude>
    <ClInclude Include="include\types.h">
      <Filter>Headerdateien</Filter>
    </ClInclude>
    <ClInclude Include="include\utils.h">
      <Filter>Headerdateien</Filter>
    </ClInclude>
  </ItemGroup>
</Project>